
Microsoft Visual Studio Solution File, Format Version 12.00
# Visual Studio Version 17
VisualStudioVersion = 17.14.36109.1 d17.14
MinimumVisualStudioVersion = 10.0.40219.1
Project("{FAE04EC0-301F-11D3-BF4B-00C04F79EFBC}") = "blackscreen", "blackscreen.csproj", "{51E68283-A88F-446B-BF7E-264D0B5ACC0A}"
EndProject
Global
	GlobalSection(SolutionConfigurationPlatforms) = preSolution
		Debug|Any CPU = Debug|Any CPU
		Release|Any CPU = Release|Any CPU
	EndGlobalSection
	GlobalSection(ProjectConfigurationPlatforms) = postSolution
		{51E68283-A88F-446B-BF7E-264D0B5ACC0A}.Debug|Any CPU.ActiveCfg = Debug|Any CPU
		{51E68283-A88F-446B-BF7E-264D0B5ACC0A}.Debug|Any CPU.Build.0 = Debug|Any CPU
		{51E68283-A88F-446B-BF7E-264D0B5ACC0A}.Release|Any CPU.ActiveCfg = Release|Any CPU
		{51E68283-A88F-446B-BF7E-264D0B5ACC0A}.Release|Any CPU.Build.0 = Release|Any CPU
	EndGlobalSection
	GlobalSection(SolutionProperties) = preSolution
		HideSolutionNode = FALSE
	EndGlobalSection
	GlobalSection(ExtensibilityGlobals) = postSolution
		SolutionGuid = {5D2C7F4A-715E-4DD4-902D-97534CFA29AA}
	EndGlobalSection
EndGlobal
